
Microsoft Visual Studio Solution File, Format Version 12.00
# Visual Studio 15
VisualStudioVersion = 15.0.28307.539
MinimumVisualStudioVersion = 10.0.40219.1
Project("{FAE04EC0-301F-11D3-BF4B-00C04F79EFBC}") = "Generaljobs", "Generaljobs\Generaljobs.csproj", "{95961F3B-25DE-44BB-9282-305A40669149}"
EndProject
Global
	GlobalSection(SolutionConfigurationPlatforms) = preSolution
		Debug|Any CPU = Debug|Any CPU
		Release|Any CPU = Release|Any CPU
	EndGlobalSection
	GlobalSection(ProjectConfigurationPlatforms) = postSolution
		{95961F3B-25DE-44BB-9282-305A40669149}.Debug|Any CPU.ActiveCfg = Debug|Any CPU
		{95961F3B-25DE-44BB-9282-305A40669149}.Debug|Any CPU.Build.0 = Debug|Any CPU
		{95961F3B-25DE-44BB-9282-305A40669149}.Release|Any CPU.ActiveCfg = Release|Any CPU
		{95961F3B-25DE-44BB-9282-305A40669149}.Release|Any CPU.Build.0 = Release|Any CPU
	EndGlobalSection
	GlobalSection(SolutionProperties) = preSolution
		HideSolutionNode = FALSE
	EndGlobalSection
	GlobalSection(ExtensibilityGlobals) = postSolution
		SolutionGuid = {C01688A7-6128-4159-823E-028F264BBC09}
	EndGlobalSection
EndGlobal
